
Microsoft Visual Studio Solution File, Format Version 12.00
# Visual Studio Version 17
VisualStudioVersion = 17.3.32922.545
MinimumVisualStudioVersion = 10.0.40219.1
Project("{FAE04EC0-301F-11D3-BF4B-00C04F79EFBC}") = "GrpcServerWithASPNet", "GrpcServerWithASPNet\GrpcServerWithASPNet.csproj", "{045437BB-8F3A-4688-9354-CEBA38430DA4}"
EndProject
Project("{FAE04EC0-301F-11D3-BF4B-00C04F79EFBC}") = "GrpcClient", "GrpcClient\GrpcClient.csproj", "{BDC0693C-07EE-4946-B94A-252DBC8EC152}"
EndProject
Project("{FAE04EC0-301F-11D3-BF4B-00C04F79EFBC}") = "Share", "Share\Share.csproj", "{9C3EC7D9-73FF-48ED-879A-907999FD961F}"
EndProject
Global
	GlobalSection(SolutionConfigurationPlatforms) = preSolution
		Debug|Any CPU = Debug|Any CPU
		Release|Any CPU = Release|Any CPU
	EndGlobalSection
	GlobalSection(ProjectConfigurationPlatforms) = postSolution
		{045437BB-8F3A-4688-9354-CEBA38430DA4}.Debug|Any CPU.ActiveCfg = Debug|Any CPU
		{045437BB-8F3A-4688-9354-CEBA38430DA4}.Debug|Any CPU.Build.0 = Debug|Any CPU
		{045437BB-8F3A-4688-9354-CEBA38430DA4}.Release|Any CPU.ActiveCfg = Release|Any CPU
		{045437BB-8F3A-4688-9354-CEBA38430DA4}.Release|Any CPU.Build.0 = Release|Any CPU
		{BDC0693C-07EE-4946-B94A-252DBC8EC152}.Debug|Any CPU.ActiveCfg = Debug|Any CPU
		{BDC0693C-07EE-4946-B94A-252DBC8EC152}.Debug|Any CPU.Build.0 = Debug|Any CPU
		{BDC0693C-07EE-4946-B94A-252DBC8EC152}.Release|Any CPU.ActiveCfg = Release|Any CPU
		{BDC0693C-07EE-4946-B94A-252DBC8EC152}.Release|Any CPU.Build.0 = Release|Any CPU
		{9C3EC7D9-73FF-48ED-879A-907999FD961F}.Debug|Any CPU.ActiveCfg = Debug|Any CPU
		{9C3EC7D9-73FF-48ED-879A-907999FD961F}.Debug|Any CPU.Build.0 = Debug|Any CPU
		{9C3EC7D9-73FF-48ED-879A-907999FD961F}.Release|Any CPU.ActiveCfg = Release|Any CPU
		{9C3EC7D9-73FF-48ED-879A-907999FD961F}.Release|Any CPU.Build.0 = Release|Any CPU
	EndGlobalSection
	GlobalSection(SolutionProperties) = preSolution
		HideSolutionNode = FALSE
	EndGlobalSection
	GlobalSection(ExtensibilityGlobals) = postSolution
		SolutionGuid = {D7E99F09-B5F6-4AC1-8740-4713AB79DD74}
	EndGlobalSection
EndGlobal
